{
  "name": "@jsonfold/core",
  "version": "0.1.2",
  "lockfileVersion": 3,
  "requires": true,
  "packages": {
    "": {
      "name": "@jsonfold/core",
      "version": "0.1.2",
      "license": "MIT",
      "dependencies": {
        "@jsonfold/core": "^0.1.0"
      },
      "bin": {
        "jsonfold": "cli.js"
      }
    },
    "node_modules/@jsonfold/core": {
      "version": "0.1.0",
      "resolved": "https://registry.npmjs.org/@jsonfold/core/-/core-0.1.0.tgz",
      "integrity": "sha512-2Y42SHZHpLWyFO98o8ThoeANG8l5SvQuP4TYlRkb0JLHa4LODQ5jWful/gdOECo4XtZQEpAni5OsRplkT1lIuw==",
      "bin": {
        "jsonfold": "cli.js"
      }
    }
  }
}
